<?xml version="1.0" encoding="UTF-8" standalone="yes" ?>
<CodeBlocks_project_file>
	<FileVersion major="1" minor="6" />
	<Project>
		<Option title="CompleteVision_MAIN" />
		<Option pch_mode="2" />
		<Option compiler="gcc" />
		<Build>
			<Target title="Debug">
				<Option output="bin/Debug/CompleteVision_MAIN" prefix_auto="1" extension_auto="1" />
				<Option object_output="obj/Debug/" />
				<Option type="1" />
				<Option compiler="gcc" />
				<Compiler>
					<Add option="-pg" />
					<Add option="-g" />
					<Add option="`pkg-config --cflags --libs opencv libv4l2`" />
					<Add option="-pthread" />
				</Compiler>
				<Linker>
					<Add option="-pg" />
					<Add option="`pkg-config --cflags --libs opencv libv4l2`" />
					<Add option="-pthread" />
				</Linker>
			</Target>
			<Target title="Release">
				<Option output="bin/Release/CompleteVision_MAIN" prefix_auto="1" extension_auto="1" />
				<Option object_output="obj/Release/" />
				<Option type="1" />
				<Option compiler="gcc" />
				<Compiler>
					<Add option="-O2" />
				</Compiler>
				<Linker>
					<Add option="-s" />
				</Linker>
			</Target>
		</Build>
		<Compiler>
			<Add option="-Wall" />
			<Add option="-fexceptions" />
			<Add option="-pthread" />
		</Compiler>
		<Unit filename="../BBBSerial.cpp" />
		<Unit filename="../BBBSerial.h" />
		<Unit filename="../CamObj.cpp" />
		<Unit filename="../CamObj.hpp" />
		<Unit filename="../Config.hpp" />
		<Unit filename="../FPSCounter.cpp" />
		<Unit filename="../FPSCounter.hpp" />
		<Unit filename="../FlightDataRecording.hpp" />
		<Unit filename="../Global.hpp" />
		<Unit filename="../KalmanFilter.cpp" />
		<Unit filename="../KalmanFilter.hpp" />
		<Unit filename="../OCVCapture.cpp" />
		<Unit filename="../OCVCapture.h" />
		<Unit filename="../PnPObj.cpp" />
		<Unit filename="../PnPObj.hpp" />
		<Unit filename="../ProfilerTool.h" />
		<Unit filename="../Threshold.cpp" />
		<Unit filename="../Threshold.hpp" />
		<Unit filename="../customblobdetector.cpp" />
		<Unit filename="../customblobdetector.hpp" />
		<Unit filename="../main_nonthreaded.cpp">
			<Option target="&lt;{~None~}&gt;" />
		</Unit>
		<Unit filename="../main_threaded.cpp" />
		<Unit filename="../main_threaded_test.cpp" />
		<Unit filename="../morph.hpp" />
		<Unit filename="../neon_instructions.h" />
		<Unit filename="../v4l2Cap.cpp" />
		<Unit filename="../v4l2Cap.h" />
		<Unit filename="../v4l2_c.h" />
		<Extensions>
			<code_completion />
			<debugger />
			<envvars />
		</Extensions>
	</Project>
</CodeBlocks_project_file>
